
Microsoft Visual Studio Solution File, Format Version 12.00
# Visual Studio Version 17
VisualStudioVersion = 17.9.34723.18
MinimumVisualStudioVersion = 10.0.40219.1
Project("{FAE04EC0-301F-11D3-BF4B-00C04F79EFBC}") = "FMSoftlab.HealthCheck", "FMSoftlab.HealthCheck\FMSoftlab.HealthCheck.csproj", "{79E8E8E4-26DB-4EF0-80D0-495507FB0B88}"
EndProject
Global
	GlobalSection(SolutionConfigurationPlatforms) = preSolution
		Debug|Any CPU = Debug|Any CPU
		Release|Any CPU = Release|Any CPU
	EndGlobalSection
	GlobalSection(ProjectConfigurationPlatforms) = postSolution
		{79E8E8E4-26DB-4EF0-80D0-495507FB0B88}.Debug|Any CPU.ActiveCfg = Debug|Any CPU
		{79E8E8E4-26DB-4EF0-80D0-495507FB0B88}.Debug|Any CPU.Build.0 = Debug|Any CPU
		{79E8E8E4-26DB-4EF0-80D0-495507FB0B88}.Release|Any CPU.ActiveCfg = Release|Any CPU
		{79E8E8E4-26DB-4EF0-80D0-495507FB0B88}.Release|Any CPU.Build.0 = Release|Any CPU
	EndGlobalSection
	GlobalSection(SolutionProperties) = preSolution
		HideSolutionNode = FALSE
	EndGlobalSection
	GlobalSection(ExtensibilityGlobals) = postSolution
		SolutionGuid = {43E7A7CC-D08C-4B86-9CC5-B0255320C0BF}
	EndGlobalSection
EndGlobal
